
Microsoft Visual Studio Solution File, Format Version 12.00
# Visual Studio Version 17
VisualStudioVersion = 17.5.33516.290
MinimumVisualStudioVersion = 10.0.40219.1
Project("{9A19103F-16F7-4668-BE54-9A1E7A4F7556}") = "RecipeSocialMediaAPI", "RecipeSocialMediaAPI\RecipeSocialMediaAPI.csproj", "{B38AFA77-21AA-4246-995C-0EFB773463D8}"
EndProject
Project("{9A19103F-16F7-4668-BE54-9A1E7A4F7556}") = "RecipeSocialMediaAPI.Tests", "RecipeSocialMediaAPI.Tests\RecipeSocialMediaAPI.Tests.csproj", "{FA9527AA-703F-43BF-AF64-551CC5A968AC}"
EndProject
Project("{2150E333-8FDC-42A3-9474-1A3956D46DE8}") = "Solution Items", "Solution Items", "{2D2B18E4-160A-4AF9-99C5-6F2880C5380E}"
	ProjectSection(SolutionItems) = preProject
		.editorconfig = .editorconfig
	EndProjectSection
EndProject
Global
	GlobalSection(SolutionConfigurationPlatforms) = preSolution
		Debug|Any CPU = Debug|Any CPU
		Release|Any CPU = Release|Any CPU
	EndGlobalSection
	GlobalSection(ProjectConfigurationPlatforms) = postSolution
		{B38AFA77-21AA-4246-995C-0EFB773463D8}.Debug|Any CPU.ActiveCfg = Debug|Any CPU
		{B38AFA77-21AA-4246-995C-0EFB773463D8}.Debug|Any CPU.Build.0 = Debug|Any CPU
		{B38AFA77-21AA-4246-995C-0EFB773463D8}.Release|Any CPU.ActiveCfg = Release|Any CPU
		{B38AFA77-21AA-4246-995C-0EFB773463D8}.Release|Any CPU.Build.0 = Release|Any CPU
		{FA9527AA-703F-43BF-AF64-551CC5A968AC}.Debug|Any CPU.ActiveCfg = Debug|Any CPU
		{FA9527AA-703F-43BF-AF64-551CC5A968AC}.Debug|Any CPU.Build.0 = Debug|Any CPU
		{FA9527AA-703F-43BF-AF64-551CC5A968AC}.Release|Any CPU.ActiveCfg = Release|Any CPU
		{FA9527AA-703F-43BF-AF64-551CC5A968AC}.Release|Any CPU.Build.0 = Release|Any CPU
	EndGlobalSection
	GlobalSection(SolutionProperties) = preSolution
		HideSolutionNode = FALSE
	EndGlobalSection
	GlobalSection(ExtensibilityGlobals) = postSolution
		SolutionGuid = {8A74ACEF-D531-41F0-A6D6-B9DCBC70C6B8}
	EndGlobalSection
EndGlobal
